{
  "name": "fp_back",
  "version": "1.0.0",
  "lockfileVersion": 1,
  "requires": true,
  "dependencies": {
    "bluebird": {
      "version": "3.5.1",
      "resolved": "https://registry.npmjs.org/bluebird/-/bluebird-3.5.1.tgz",
      "integrity": "sha512-MKiLiV+I1AA596t9w1sQJ8jkiSr5+ZKi0WKrYGUn6d1Fx+Ij4tIj+m2WMQSGczs5jZVxV339chE8iwk6F64wjA=="
    },
    "bson": {
      "version": "1.1.1",
      "resolved": "https://registry.npmjs.org/bson/-/bson-1.1.1.tgz",
      "integrity": "sha512-jCGVYLoYMHDkOsbwJZBCqwMHyH4c+wzgI9hG7Z6SZJRXWr+x58pdIbm2i9a/jFGCkRJqRUr8eoI7lDWa0hTkxg=="
    },
    "cors": {
      "version": "2.8.5",
      "resolved": "https://registry.npmjs.org/cors/-/cors-2.8.5.tgz",
      "integrity": "sha512-KIHbLJqu73RGr/hnbrO9uBeixNGuvSQjul/jdFvS/KFSIH1hWVd1ng7zOHx+YrEfInLG7q4n6GHQ9cDtxv/P6g=="
    },
    "crypto": {
      "version": "1.0.1",
      "resolved": "https://registry.npmjs.org/crypto/-/crypto-1.0.1.tgz",
      "integrity": "sha512-VxBKmeNcqQdiUQUW2Tzq0t377b54N2bMtXO/qiLa+6eRRmmC4qT3D4OnTGoT/U6O9aklQ/jTwbOtRMTTY8G0Ig=="
    },
    "dotenv": {
      "version": "8.1.0",
      "resolved": "https://registry.npmjs.org/dotenv/-/dotenv-8.1.0.tgz",
      "integrity": "sha512-GUE3gqcDCaMltj2++g6bRQ5rBJWtkWTmqmD0fo1RnnMuUqHNCt2oTPeDnS9n6fKYvlhn7AeBkb38lymBtWBQdA=="
    },
    "eslint": {
      "version": "5.16.0",
      "resolved": "https://registry.npmjs.org/eslint/-/eslint-5.16.0.tgz",
      "integrity": "sha512-S3Rz11i7c8AA5JPv7xAH+dOyq/Cu/VXHiHXBPOU1k/JAM5dXqQPt3qcrhpHSorXmrpu2g0gkIBVXAqCpzfoZIg==",
      "dev": true
    },
    "express": {
      "version": "4.17.1",
      "resolved": "https://registry.npmjs.org/express/-/express-4.17.1.tgz",
      "integrity": "sha512-mHJ9O79RqluphRrcw2X/GTh3k9tVv8YcoyY4Kkh4WDMUYKRZUq0h1o0w2rrrxBqM7VoeUVqgb27xlEMXTnYt4g==",
      "dependencies": {
        "debug": {
          "version": "2.6.9",
          "resolved": "https://registry.npmjs.org/debug/-/debug-2.6.9.tgz",
          "integrity": "sha512-bC7ElrdJaJnPbAP+1EotYvqZsb3ecl5wi6Bfi6BJTUcNowp6cvspg0jXznRTKDjm/E7AdgFBVeAPVMNcKGsHMA=="
        },
        "ms": {
          "version": "2.0.0",
          "resolved": "https://registry.npmjs.org/ms/-/ms-2.0.0.tgz",
          "integrity": "sha1-VgiurfwAvmwpAd9fmGF4jeDVl8g="
        },
        "qs": {
          "version": "6.7.0",
          "resolved": "https://registry.npmjs.org/qs/-/qs-6.7.0.tgz",
          "integrity": "sha512-VCdBRNFTX1fyE7Nb6FYoURo/SPe62QCaAyzJvUjwRaIsc+NePBEniHlvxFmmX56+HZphIGtV0XeCirBtpDrTyQ=="
        }
      }
    },
    "jest": {
      "version": "24.9.0",
      "resolved": "https://registry.npmjs.org/jest/-/jest-24.9.0.tgz",
      "integrity": "sha512-YvkBL1Zm7d2B1+h5fHEOdyjCG+sGMz4f8D86/0HiqJ6MB4MnDc8FgP5vdWsGnemOQro7lnYo8UakZ3+5A0jxGw==",
      "dev": true,
      "dependencies": {
        "@jest/core": {
          "version": "24.9.0",
          "resolved": "https://registry.npmjs.org/@jest/core/-/core-24.9.0.tgz",
          "integrity": "sha512-Fogg3s4wlAr1VX7q+rhV9RVnUv5tD7VuWfYy1+whMiWUrvl7U3QJSJyWcDio9Lq2prqYsZaeTv2Rz24pWGkJ2A=="
        },
        "@jest/environment": {
          "version": "24.9.0",
          "resolved": "https://registry.npmjs.org/@jest/environment/-/environment-24.9.0.tgz",
          "integrity": "sha512-5A1QluTPhvdIPFYnO3sZC3smkNeXPVELz7ikPbhUj0bQjB07EoE9qtLrem14ZUYWdVayYbsjVwIiL4WBIMV4aQ=="
        },
        "@jest/fake-timers": {
          "version": "24.9.0",
          "resolved": "https://registry.npmjs.org/@jest/fake-timers/-/fake-timers-24.9.0.tgz",
          "integrity": "sha512-eWQcNa2YSwzXWIMC5KufBh3oWRIijrQFROsIqt6v/NS9Io/gknw1jsAC9c+ih/RQX4A3O7SeWAhQeN0goKhT9A=="
        },
        "@jest/reporters": {
          "version": "24.9.0",
          "resolved": "https://registry.npmjs.org/@jest/reporters/-/reporters-24.9.0.tgz",
          "integrity": "sha512-mu4X0yjaHrffOsWmVLzitKmmmWSQ3GGuefgNscUSWNiUNcEOSEQk9k3pERKEQVBb0Cnn88+UESIsZEMH3o88Gw=="
        },
        "@jest/source-map": {
          "version": "24.9.0",
          "resolved": "https://registry.npmjs.org/@jest/source-map/-/source-map-24.9.0.tgz",
          "integrity": "sha512-/Xw7xGlsZb4MJzNDgB7PW5crou5JqWiBQaz6xyPd3ArOg2nfn/PunV8+olXbbEZzNl591o5rWKE9BRDaFAuIBg=="
        },
        "@jest/test-result": {
          "version": "24.9.0",
          "resolved": "https://registry.npmjs.org/@jest/test-result/-/test-result-24.9.0.tgz",
          "integrity": "sha512-XEFrHbBonBJ8dGp2JmF8kP/nQI/ImPpygKHwQ/SY+es59Z3L5PI4Qb9TQQMAEeYsThG1xF0k6tmG0tIKATNiiA==",
          "dependencies": {
            "@jest/console": {
              "version": "24.9.0",
              "resolved": "https://registry.npmjs.org/@jest/console/-/console-24.9.0.tgz",
              "integrity": "sha512-Zuj6b8TnKXi3q4ymac8EQfc3ea/uhLeCGThFqXeC8H9/raaH8ARPUTdId+XyGd03Z4In0/VjD2OYFcBF09fNLQ=="
            }
          }
        },
        "@jest/test-sequencer": {
          "version": "24.9.0",
          "resolved": "https://registry.npmjs.org/@jest/test-sequencer/-/test-sequencer-24.9.0.tgz",
          "integrity": "sha512-6qqsU4o0kW1dvA95qfNog8v8gkRN9ph6Lz7r96IvZpHdNipP2cBcb07J1Z45mz/VIS01OHJ3pY8T5fUY38tg4A=="
        },
        "@jest/transform": {
          "version": "24.9.0",
          "resolved": "https://registry.npmjs.org/@jest/transform/-/transform-24.9.0.tgz",
          "integrity": "sha512-TcQUmyNRxV94S0QpMOnZl0++6RMiqpbH/ZMccFB/amku6Uwvyb1cjYX7xkp5nGNkbX4QPH/FcB6q1HBTHynLmQ==",
          "dependencies": {
            "jest-regex-util": {
              "version": "24.9.0",
              "resolved": "https://registry.npmjs.org/jest-regex-util/-/jest-regex-util-24.9.0.tgz",
              "integrity": "sha512-05Cmb6CuxaA+Ys6fjr3PhvV3bGQmO+2p2La4hFbU+W5uOc479f7FdLXUWXw4pYMAhhSZIuKHwSXSu6CsSBAXQA=="
            }
          }
        },
        "@jest/types": {
          "version": "24.9.0",
          "resolved": "https://registry.npmjs.org/@jest/types/-/types-24.9.0.tgz",
          "integrity": "sha512-XKK7ze1apu5JWQ5eZjHITP66AX+QsLlbaJRBGYr8pNzwcAE2JVkwnf0yqjHTsDRcjR0mujy/NmZMXw5kl+kGBw=="
        },
        "@types/yargs": {
          "version": "13.0.3",
          "resolved": "https://registry.npmjs.org/@types/yargs/-/yargs-13.0.3.tgz",
          "integrity": "sha512-K8/LfZq2duW33XW/tFwEAfnZlqIfVsoyRB3kfXdPXYhl0nfM8mmh7GS0jg7WrX2Dgq/0Ha/pR1PaR+BvmWwjiQ=="
        },
        "ansi-regex": {
          "version": "4.1.0",
          "resolved": "https://registry.npmjs.org/ansi-regex/-/ansi-regex-4.1.0.tgz",
          "integrity": "sha512-1apePfXM1UOSqw0o9IiFAovVz9M5S1Dg+4TrDwfMewQ6p/rmMueb7tWZjQ1rx4Loy1ArBggoqGpfqqdI4rondg=="
        },
        "babel-jest": {
          "version": "24.9.0",
          "resolved": "https://registry.npmjs.org/babel-jest/-/babel-jest-24.9.0.tgz",
          "integrity": "sha512-ntuddfyiN+EhMw58PTNL1ph4C9rECiQXjI4nMMBKBaNjXvqLdkXpPRcMSr4iyBrJg/+wz9brFUD6RhOAT6r4Iw=="
        },
        "babel-plugin-jest-hoist": {
          "version": "24.9.0",
          "resolved": "https://registry.npmjs.org/babel-plugin-jest-hoist/-/babel-plugin-jest-hoist-24.9.0.tgz",
          "integrity": "sha512-2EMA2P8Vp7lG0RAzr4HXqtYwacfMErOuv1U3wrvxHX6rD1sV6xS3WXG3r8TRQ2r6w8OhvSdWt+z41hQNwNm3Xw=="
        },
        "babel-preset-jest": {
          "version": "24.9.0",
          "resolved": "https://registry.npmjs.org/babel-preset-jest/-/babel-preset-jest-24.9.0.tgz",
          "integrity": "sha512-izTUuhE4TMfTRPF92fFwD2QfdXaZW08qvWTFCI51V8rW5x00UuPgc3ajRoWofXOuxjfcOM5zzSYsQS3H8KGCAg=="
        },
        "cliui": {
          "version": "5.0.0",
          "resolved": "https://registry.npmjs.org/cliui/-/cliui-5.0.0.tgz",
          "integrity": "sha512-PYeGSEmmHM6zvoef2w8TPzlrnNpXIjTipYK780YswmIP9vjxmd6Y2a3CB2Ks6/AU8NHjZugXvo8w3oWM2qnwXA=="
        },
        "diff-sequences": {
          "version": "24.9.0",
          "resolved": "https://registry.npmjs.org/diff-sequences/-/diff-sequences-24.9.0.tgz",
          "integrity": "sha512-Dj6Wk3tWyTE+Fo1rW8v0Xhwk80um6yFYKbuAxc9c3EZxIHFDYwbi34Uk42u1CdnIiVorvt4RmlSDjIPyzGC2ew=="
        },
        "expect": {
          "version": "24.9.0",
          "resolved": "https://registry.npmjs.org/expect/-/expect-24.9.0.tgz",
          "integrity": "sha512-wvVAx8XIol3Z5m9zvZXiyZOQ+sRJqNTIm6sGjdWlaZIeupQGO3WbYI+15D/AmEwZywL6wtJkbAbJtzkOfBuR0Q==",
          "dependencies": {
            "jest-regex-util": {
              "version": "24.9.0",
              "resolved": "https://registry.npmjs.org/jest-regex-util/-/jest-regex-util-24.9.0.tgz",
              "integrity": "sha512-05Cmb6CuxaA+Ys6fjr3PhvV3bGQmO+2p2La4hFbU+W5uOc479f7FdLXUWXw4pYMAhhSZIuKHwSXSu6CsSBAXQA=="
            }
          }
        },
        "get-caller-file": {
          "version": "2.0.5",
          "resolved": "https://registry.npmjs.org/get-caller-file/-/get-caller-file-2.0.5.tgz",
          "integrity": "sha512-DyFP3BM/3YHTQOCUL/w0OZHR0lpKeGrxotcHWcqNEdnltqFwXVfhEBQ94eIo34AfQpo0rGki4cyIiftY06h2Fg=="
        },
        "jest-changed-files": {
          "version": "24.9.0",
          "resolved": "https://registry.npmjs.org/jest-changed-files/-/jest-changed-files-24.9.0.tgz",
          "integrity": "sha512-6aTWpe2mHF0DhL28WjdkO8LyGjs3zItPET4bMSeXU6T3ub4FPMw+mcOcbdGXQOAfmLcxofD23/5Bl9Z4AkFwqg=="
        },
        "jest-cli": {
          "version": "24.9.0",
          "resolved": "https://registry.npmjs.org/jest-cli/-/jest-cli-24.9.0.tgz",
          "integrity": "sha512-+VLRKyitT3BWoMeSUIHRxV/2g8y9gw91Jh5z2UmXZzkZKpbC08CSehVxgHUwTpy+HwGcns/tqafQDJW7imYvGg=="
        },
        "jest-config": {
          "version": "24.9.0",
          "resolved": "https://registry.npmjs.org/jest-config/-/jest-config-24.9.0.tgz",
          "integrity": "sha512-RATtQJtVYQrp7fvWg6f5y3pEFj9I+H8sWw4aKxnDZ96mob5i5SD6ZEGWgMLXQ4LE8UurrjbdlLWdUeo+28QpfQ=="
        },
        "jest-diff": {
          "version": "24.9.0",
          "resolved": "https://registry.npmjs.org/jest-diff/-/jest-diff-24.9.0.tgz",
          "integrity": "sha512-qMfrTs8AdJE2iqrTp0hzh7kTd2PQWrsFyj9tORoKmu32xjPjeE4NyjVRDz8ybYwqS2ik8N4hsIpiVTyFeo2lBQ=="
        },
        "jest-each": {
          "version": "24.9.0",
          "resolved": "https://registry.npmjs.org/jest-each/-/jest-each-24.9.0.tgz",
          "integrity": "sha512-ONi0R4BvW45cw8s2Lrx8YgbeXL1oCQ/wIDwmsM3CqM/nlblNCPmnC3IPQlMbRFZu3wKdQ2U8BqM6lh3LJ5Bsog=="
        },
        "jest-environment-jsdom": {
          "version": "24.9.0",
          "resolved": "https://registry.npmjs.org/jest-environment-jsdom/-/jest-environment-jsdom-24.9.0.tgz",
          "integrity": "sha512-Zv9FV9NBRzLuALXjvRijO2351DRQeLYXtpD4xNvfoVFw21IOKNhZAEUKcbiEtjTkm2GsJ3boMVgkaR7rN8qetA=="
        },
        "jest-environment-node": {
          "version": "24.9.0",
          "resolved": "https://registry.npmjs.org/jest-environment-node/-/jest-environment-node-24.9.0.tgz",
          "integrity": "sha512-6d4V2f4nxzIzwendo27Tr0aFm+IXWa0XEUnaH6nU0FMaozxovt+sfRvh4J47wL1OvF83I3SSTu0XK+i4Bqe7uA=="
        },
        "jest-get-type": {
          "version": "24.9.0",
          "resolved": "https://registry.npmjs.org/jest-get-type/-/jest-get-type-24.9.0.tgz",
          "integrity": "sha512-lUseMzAley4LhIcpSP9Jf+fTrQ4a1yHQwLNeeVa2cEmbCGeoZAtYPOIv8JaxLD/sUpKxetKGP+gsHl8f8TSj8Q=="
        },
        "jest-haste-map": {
          "version": "24.9.0",
          "resolved": "https://registry.npmjs.org/jest-haste-map/-/jest-haste-map-24.9.0.tgz",
          "integrity": "sha512-kfVFmsuWui2Sj1Rp1AJ4D9HqJwE4uwTlS/vO+eRUaMmd54BFpli2XhMQnPC2k4cHFVbB2Q2C+jtI1AGLgEnCjQ==",
          "dependencies": {
            "jest-worker": {
              "version": "24.9.0",
              "resolved": "https://registry.npmjs.org/jest-worker/-/jest-worker-24.9.0.tgz",
              "integrity": "sha512-51PE4haMSXcHohnSMdM42anbvZANYTqMrr52tVKPqqsPJMzoP6FYYDVqahX/HrAoKEKz3uUPzSvKs9A3qR4iVw=="
            }
          }
        },
        "jest-jasmine2": {
          "version": "24.9.0",
          "resolved": "https://registry.npmjs.org/jest-jasmine2/-/jest-jasmine2-24.9.0.tgz",
          "integrity": "sha512-Cq7vkAgaYKp+PsX+2/JbTarrk0DmNhsEtqBXNwUHkdlbrTBLtMJINADf2mf5FkowNsq8evbPc07/qFO0AdKTzw=="
        },
        "jest-leak-detector": {
          "version": "24.9.0",
          "resolved": "https://registry.npmjs.org/jest-leak-detector/-/jest-leak-detector-24.9.0.tgz",
          "integrity": "sha512-tYkFIDsiKTGwb2FG1w8hX9V0aUb2ot8zY/2nFg087dUageonw1zrLMP4W6zsRO59dPkTSKie+D4rhMuP9nRmrA=="
        },
        "jest-matcher-utils": {
          "version": "24.9.0",
          "resolved": "https://registry.npmjs.org/jest-matcher-utils/-/jest-matcher-utils-24.9.0.tgz",
          "integrity": "sha512-OZz2IXsu6eaiMAwe67c1T+5tUAtQyQx27/EMEkbFAGiw52tB9em+uGbzpcgYVpA8wl0hlxKPZxrly4CXU/GjHA=="
        },
        "jest-message-util": {
          "version": "24.9.0",
          "resolved": "https://registry.npmjs.org/jest-message-util/-/jest-message-util-24.9.0.tgz",
          "integrity": "sha512-oCj8FiZ3U0hTP4aSui87P4L4jC37BtQwUMqk+zk/b11FR19BJDeZsZAvIHutWnmtw7r85UmR3CEWZ0HWU2mAlw=="
        },
        "jest-mock": {
          "version": "24.9.0",
          "resolved": "https://registry.npmjs.org/jest-mock/-/jest-mock-24.9.0.tgz",
          "integrity": "sha512-3BEYN5WbSq9wd+SyLDES7AHnjH9A/ROBwmz7l2y+ol+NtSFO8DYiEBzoO1CeFc9a8DYy10EO4dDFVv/wN3zl1w=="
        },
        "jest-resolve": {
          "version": "24.9.0",
          "resolved": "https://registry.npmjs.org/jest-resolve/-/jest-resolve-24.9.0.tgz",
          "integrity": "sha512-TaLeLVL1l08YFZAt3zaPtjiVvyy4oSA6CRe+0AFPPVX3Q/VI0giIWWoAvoS5L96vj9Dqxj4fB5p2qrHCmTU/MQ=="
        },
        "jest-resolve-dependencies": {
          "version": "24.9.0",
          "resolved": "https://registry.npmjs.org/jest-resolve-dependencies/-/jest-resolve-dependencies-24.9.0.tgz",
          "integrity": "sha512-Fm7b6AlWnYhT0BXy4hXpactHIqER7erNgIsIozDXWl5dVm+k8XdGVe1oTg1JyaFnOxarMEbax3wyRJqGP2Pq+g=="
        },
        "jest-runner": {
          "version": "24.9.0",
          "resolved": "https://registry.npmjs.org/jest-runner/-/jest-runner-24.9.0.tgz",
          "integrity": "sha512-KksJQyI3/0mhcfspnxxEOBueGrd5E4vV7ADQLT9ESaCzz02WnbdbKWIf5Mkaucoaj7obQckYPVX6JJhgUcoWWg=="
        },
        "jest-runtime": {
          "version": "24.9.0",
          "resolved": "https://registry.npmjs.org/jest-runtime/-/jest-runtime-24.9.0.tgz",
          "integrity": "sha512-8oNqgnmF3v2J6PVRM2Jfuj8oX3syKmaynlDMMKQ4iyzbQzIG6th5ub/lM2bCMTmoTKM3ykcUYI2Pw9xwNtjMnw=="
        },
        "jest-serializer": {
          "version": "24.9.0",
          "resolved": "https://registry.npmjs.org/jest-serializer/-/jest-serializer-24.9.0.tgz",
          "integrity": "sha512-DxYipDr8OvfrKH3Kel6NdED3OXxjvxXZ1uIY2I9OFbGg+vUkkg7AGvi65qbhbWNPvDckXmzMPbK3u3HaDO49bQ=="
        },
        "jest-snapshot": {
          "version": "24.9.0",
          "resolved": "https://registry.npmjs.org/jest-snapshot/-/jest-snapshot-24.9.0.tgz",
          "integrity": "sha512-uI/rszGSs73xCM0l+up7O7a40o90cnrk429LOiK3aeTvfC0HHmldbd81/B7Ix81KSFe1lwkbl7GnBGG4UfuDew=="
        },
        "jest-util": {
          "version": "24.9.0",
          "resolved": "https://registry.npmjs.org/jest-util/-/jest-util-24.9.0.tgz",
          "integrity": "sha512-x+cZU8VRmOJxbA1K5oDBdxQmdq0OIdADarLxk0Mq+3XS4jgvhG/oKGWcIDCtPG0HgjxOYvF+ilPJQsAyXfbNOg==",
          "dependencies": {
            "@jest/console": {
              "version": "24.9.0",
              "resolved": "https://registry.npmjs.org/@jest/console/-/console-24.9.0.tgz",
              "integrity": "sha512-Zuj6b8TnKXi3q4ymac8EQfc3ea/uhLeCGThFqXeC8H9/raaH8ARPUTdId+XyGd03Z4In0/VjD2OYFcBF09fNLQ=="
            }
          }
        },
        "jest-validate": {
          "version": "24.9.0",
          "resolved": "https://registry.npmjs.org/jest-validate/-/jest-validate-24.9.0.tgz",
          "integrity": "sha512-HPIt6C5ACwiqSiwi+OfSSHbK8sG7akG8eATl+IPKaeIjtPOeBUd/g3J7DghugzxrGjI93qS/+RPKe1H6PqvhRQ=="
        },
        "jest-watcher": {
          "version": "24.9.0",
          "resolved": "https://registry.npmjs.org/jest-watcher/-/jest-watcher-24.9.0.tgz",
          "integrity": "sha512-+/fLOfKPXXYJDYlks62/4R4GoT+GU1tYZed99JSCOsmzkkF7727RqKrjNAxtfO4YpGv11wybgRvCjR73lK2GZw=="
        },
        "leven": {
          "version": "3.1.0",
          "resolved": "https://registry.npmjs.org/leven/-/leven-3.1.0.tgz",
          "integrity": "sha512-qsda+H8jTaUaN/x5vzW2rzc+8Rw4TAQ/4KjB46IwK5VH+IlVeeeje/EoZRpiXvIqjFgK84QffqPztGI3VBLG1A=="
        },
        "merge-stream": {
          "version": "2.0.0",
          "resolved": "https://registry.npmjs.org/merge-stream/-/merge-stream-2.0.0.tgz",
          "integrity": "sha512-abv/qOcuPfk3URPfDzmZU1LKmuw8kT+0nIHvKrKgFrwifol/doWcdA4ZqsWQ8ENrFKkd67Mfpo/LovbIUsbt3w=="
        },
        "node-notifier": {
          "version": "5.4.3",
          "resolved": "https://registry.npmjs.org/node-notifier/-/node-notifier-5.4.3.tgz",
          "integrity": "sha512-M4UBGcs4jeOK9CjTsYwkvH6/MzuUmGCyTW+kCY7uO+1ZVr0+FHGdPdIf5CCLqAaxnRrWidyoQlNkMIIVwbKB8Q==",
          "dependencies": {
            "semver": {
              "version": "5.7.1",
              "resolved": "https://registry.npmjs.org/semver/-/semver-5.7.1.tgz",
              "integrity": "sha512-sauaDf/PZdVgrLTNYHRtpXa1iRiKcaebiKQ1BJdpQlWH2lCvexQdX55snPFyK7QzpudqbCI0qXFfOasHdyNDGQ=="
            }
          }
        },
        "pretty-format": {
          "version": "24.9.0",
          "resolved": "https://registry.npmjs.org/pretty-format/-/pretty-format-24.9.0.tgz",
          "integrity": "sha512-00ZMZUiHaJrNfk33guavqgvfJS30sLYf0f8+Srklv0AMPodGGHcoHgksZ3OThYnIvOd+8yMCn0YiEOogjlgsnA=="
        },
        "semver": {
          "version": "6.3.0",
          "resolved": "https://registry.npmjs.org/semver/-/semver-6.3.0.tgz",
          "integrity": "sha512-b39TBaTSfV6yBrapU89p5fKekE2m/NwnDocOVruQFS1/veMgdzuPcnOM34M6CwxW8jH/lxEa5rBoDeUwu5HHTw=="
        },
        "string-width": {
          "version": "3.1.0",
          "resolved": "https://registry.npmjs.org/string-width/-/string-width-3.1.0.tgz",
          "integrity": "sha512-vafcv6KjVZKSgz06oM/H6GDBrAtz8vdhQakGjFIvNrHA6y3HCF1CInLy+QLq8dTJPQ1b+KDUqDFctkdRW44e1w=="
        },
        "strip-ansi": {
          "version": "5.2.0",
          "resolved": "https://registry.npmjs.org/strip-ansi/-/strip-ansi-5.2.0.tgz",
          "integrity": "sha512-DuRs1gKbBqsMKIZlrffwlug8MHkcnpjs5VPmL1PAh+mA30U0DTotfDZ0d2UUsXpPmPmMMJ6W773MaA3J+lbiWA=="
        },
        "supports-color": {
          "version": "6.1.0",
          "resolved": "https://registry.npmjs.org/supports-color/-/supports-color-6.1.0.tgz",
          "integrity": "sha512-qe1jfm1Mg7Nq/NSh6XE24gPXROEVsWHxC1LIx//XNlD9iw7YZQGjZNjYN7xGaEG6iKdA8EtNFW6R0gjnVXp+wQ=="
        },
        "wrap-ansi": {
          "version": "5.1.0",
          "resolved": "https://registry.npmjs.org/wrap-ansi/-/wrap-ansi-5.1.0.tgz",
          "integrity": "sha512-QC1/iN/2/RPVJ5jYK8BGttj5z83LmSKmvbvrXPNCLZSEb32KKVDJDl/MOt2N01qU2H/FkzEa9PKto1BqDjtd7Q=="
        },
        "yargs": {
          "version": "13.3.0",
          "resolved": "https://registry.npmjs.org/yargs/-/yargs-13.3.0.tgz",
          "integrity": "sha512-2eehun/8ALW8TLoIl7MVaRUrg+yCnenu8B4kBlRxj3GJGDKU1Og7sMXPNm1BYyM1DOJmTZ4YeN/Nwxv+8XJsUA=="
        },
        "yargs-parser": {
          "version": "13.1.1",
          "resolved": "https://registry.npmjs.org/yargs-parser/-/yargs-parser-13.1.1.tgz",
          "integrity": "sha512-oVAVsHz6uFrg3XQheFII8ESO2ssAf9luWuAd6Wexsu4F3OtIW0o8IribPXYrD4WC24LWtPrJlGy87y5udK+dxQ=="
        }
      }
    },
    "kareem": {
      "version": "2.3.1",
      "resolved": "https://registry.npmjs.org/kareem/-/kareem-2.3.1.tgz",
      "integrity": "sha512-l3hLhffs9zqoDe8zjmb/mAN4B8VT3L56EUvKNqLFVs9YlFA+zx7ke1DO8STAdDyYNkeSo1nKmjuvQeI12So8Xw=="
    },
    "lodash": {
      "version": "4.17.15",
      "resolved": "https://registry.npmjs.org/lodash/-/lodash-4.17.15.tgz",
      "integrity": "sha512-8xOcRHvCjnocdS5cpwXQXVzmmh5e5+saE2QGoeQmbKmRS6J3VQppPOIt0MnmE+4xlZoumy0GPG0D0MVIQbNA1A=="
    },
    "md5": {
      "version": "2.2.1",
      "resolved": "https://registry.npmjs.org/md5/-/md5-2.2.1.tgz",
      "integrity": "sha1-U6s41f48iJG6RlMp6iP6wFQBJvk="
    },
    "mongodb": {
      "version": "3.3.2",
      "resolved": "https://registry.npmjs.org/mongodb/-/mongodb-3.3.2.tgz",
      "integrity": "sha512-fqJt3iywelk4yKu/lfwQg163Bjpo5zDKhXiohycvon4iQHbrfflSAz9AIlRE6496Pm/dQKQK5bMigdVo2s6gBg==",
      "requires": {
        "bson": "^1.1.1",
        "require_optional": "^1.0.1",
        "safe-buffer": "^5.1.2"
      }
    },
    "mongoose": {
      "version": "5.7.5",
      "resolved": "https://registry.npmjs.org/mongoose/-/mongoose-5.7.5.tgz",
      "integrity": "sha512-BZ4FxtnbTurc/wcm/hLltLdI4IDxo4nsE0D9q58YymTdZwreNzwO62CcjVtaHhmr8HmJtOInp2W/T12FZaMf8g==",
      "requires": {
        "bson": "~1.1.1",
        "kareem": "2.3.1",
        "mongodb": "3.3.2",
        "mongoose-legacy-pluralize": "1.0.2",
        "mpath": "0.6.0",
        "mquery": "3.2.2",
        "ms": "2.1.2",
        "regexp-clone": "1.0.0",
        "safe-buffer": "5.1.2",
        "sift": "7.0.1",
        "sliced": "1.0.1"
      }
    },
    "mongoose-legacy-pluralize": {
      "version": "1.0.2",
      "resolved": "https://registry.npmjs.org/mongoose-legacy-pluralize/-/mongoose-legacy-pluralize-1.0.2.tgz",
      "integrity": "sha512-Yo/7qQU4/EyIS8YDFSeenIvXxZN+ld7YdV9LqFVQJzTLye8unujAWPZ4NWKfFA+RNjh+wvTWKY9Z3E5XM6ZZiQ=="
    },
    "morgan": {
      "version": "1.9.1",
      "resolved": "https://registry.npmjs.org/morgan/-/morgan-1.9.1.tgz",
      "integrity": "sha512-HQStPIV4y3afTiCYVxirakhlCfGkI161c76kKFca7Fk1JusM//Qeo1ej2XaMniiNeaZklMVrh3vTtIzpzwbpmA==",
      "dependencies": {
        "debug": {
          "version": "2.6.9",
          "resolved": "https://registry.npmjs.org/debug/-/debug-2.6.9.tgz",
          "integrity": "sha512-bC7ElrdJaJnPbAP+1EotYvqZsb3ecl5wi6Bfi6BJTUcNowp6cvspg0jXznRTKDjm/E7AdgFBVeAPVMNcKGsHMA=="
        },
        "ms": {
          "version": "2.0.0",
          "resolved": "https://registry.npmjs.org/ms/-/ms-2.0.0.tgz",
          "integrity": "sha1-VgiurfwAvmwpAd9fmGF4jeDVl8g="
        }
      }
    },
    "mpath": {
      "version": "0.6.0",
      "resolved": "https://registry.npmjs.org/mpath/-/mpath-0.6.0.tgz",
      "integrity": "sha512-i75qh79MJ5Xo/sbhxrDrPSEG0H/mr1kcZXJ8dH6URU5jD/knFxCVqVC/gVSW7GIXL/9hHWlT9haLbCXWOll3qw=="
    },
    "mquery": {
      "version": "3.2.2",
      "resolved": "https://registry.npmjs.org/mquery/-/mquery-3.2.2.tgz",
      "integrity": "sha512-XB52992COp0KP230I3qloVUbkLUxJIu328HBP2t2EsxSFtf4W1HPSOBWOXf1bqxK4Xbb66lfMJ+Bpfd9/yZE1Q==",
      "requires": {
        "bluebird": "3.5.1",
        "debug": "3.1.0",
        "regexp-clone": "^1.0.0",
        "safe-buffer": "5.1.2",
        "sliced": "1.0.1"
      },
      "dependencies": {
        "debug": {
          "version": "3.1.0",
          "resolved": "https://registry.npmjs.org/debug/-/debug-3.1.0.tgz",
          "integrity": "sha512-OX8XqP7/1a9cqkxYw2yXss15f26NKWBpDXQd0/uK/KPqdQhxbPa994hnzjcE2VqQpDslf55723cKPUOGSmMY3g==",
          "requires": {
            "ms": "2.0.0"
          }
        },
        "ms": {
          "version": "2.0.0",
          "resolved": "https://registry.npmjs.org/ms/-/ms-2.0.0.tgz",
          "integrity": "sha1-VgiurfwAvmwpAd9fmGF4jeDVl8g="
        }
      }
    },
    "ms": {
      "version": "2.1.2",
      "resolved": "https://registry.npmjs.org/ms/-/ms-2.1.2.tgz",
      "integrity": "sha512-sGkPx+VjMtmA6MX27oA4FBFELFCZZ4S4XqeGOXCv68tT+jb3vk/RyaKWP0PTKyWtmLSM0b+adUTEvbs1PEaH2w=="
    },
    "nodemon": {
      "version": "1.19.3",
      "resolved": "https://registry.npmjs.org/nodemon/-/nodemon-1.19.3.tgz",
      "integrity": "sha512-TBNKRmJykEbxpTniZBusqRrUTHIEqa2fpecbTQDQj1Gxjth7kKAPP296ztR0o5gPUWsiYbuEbt73/+XMYab1+w==",
      "dev": true,
      "dependencies": {
        "debug": {
          "version": "3.2.6",
          "resolved": "https://registry.npmjs.org/debug/-/debug-3.2.6.tgz",
          "integrity": "sha512-mel+jf7nrtEl5Pn1Qx46zARXKDpBbvzezse7p7LqINmdoIk8PYP5SySaxEmYv6TZ0JyEKA1hsCId6DIhgITtWQ=="
        }
      }
    },
    "regexp-clone": {
      "version": "1.0.0",
      "resolved": "https://registry.npmjs.org/regexp-clone/-/regexp-clone-1.0.0.tgz",
      "integrity": "sha512-TuAasHQNamyyJ2hb97IuBEif4qBHGjPHBS64sZwytpLEqtBQ1gPJTnOaQ6qmpET16cK14kkjbazl6+p0RRv0yw=="
    },
    "require_optional": {
      "version": "1.0.1",
      "resolved": "https://registry.npmjs.org/require_optional/-/require_optional-1.0.1.tgz",
      "integrity": "sha512-qhM/y57enGWHAe3v/NcwML6a3/vfESLe/sGM2dII+gEO0BpKRUkWZow/tyloNqJyN6kXSl3RyyM8Ll5D/sJP8g==",
      "dependencies": {
        "resolve-from": {
          "version": "2.0.0",
          "resolved": "https://registry.npmjs.org/resolve-from/-/resolve-from-2.0.0.tgz",
          "integrity": "sha1-lICrIOlP+h2egKgEx+oUdhGWa1c="
        }
      }
    },
    "safe-buffer": {
      "version": "5.1.2",
      "resolved": "https://registry.npmjs.org/safe-buffer/-/safe-buffer-5.1.2.tgz",
      "integrity": "sha512-Gd2UZBJDkXlY7GbJxfsE8/nvKkUEU1G38c1siN6QP6a9PT9MmHB8GnpscSmMJSoF8LOIrt8ud/wPtojys4G6+g=="
    },
    "sift": {
      "version": "7.0.1",
      "resolved": "https://registry.npmjs.org/sift/-/sift-7.0.1.tgz",
      "integrity": "sha512-oqD7PMJ+uO6jV9EQCl0LrRw1OwsiPsiFQR5AR30heR+4Dl7jBBbDLnNvWiak20tzZlSE1H7RB30SX/1j/YYT7g=="
    },
    "sliced": {
      "version": "1.0.1",
      "resolved": "https://registry.npmjs.org/sliced/-/sliced-1.0.1.tgz",
      "integrity": "sha1-CzpmK10Ewxd7GSa+qCsD+Dei70E="
    },
    "superagent": {
      "version": "5.1.0",
      "resolved": "https://registry.npmjs.org/superagent/-/superagent-5.1.0.tgz",
      "integrity": "sha512-7V6JVx5N+eTL1MMqRBX0v0bG04UjrjAvvZJTF/VDH/SH2GjSLqlrcYepFlpTrXpm37aSY6h3GGVWGxXl/98TKA==",
      "dependencies": {
        "mime": {
          "version": "2.4.4",
          "resolved": "https://registry.npmjs.org/mime/-/mime-2.4.4.tgz",
          "integrity": "sha512-LRxmNwziLPT828z+4YkNzloCFC2YM4wrB99k+AV5ZbEyfGNWfG8SO1FUXLmLDBSo89NrJZ4DIWeLjy1CHGhMGA=="
        },
        "qs": {
          "version": "6.7.0",
          "resolved": "https://registry.npmjs.org/qs/-/qs-6.7.0.tgz",
          "integrity": "sha512-VCdBRNFTX1fyE7Nb6FYoURo/SPe62QCaAyzJvUjwRaIsc+NePBEniHlvxFmmX56+HZphIGtV0XeCirBtpDrTyQ=="
        },
        "readable-stream": {
          "version": "3.4.0",
          "resolved": "https://registry.npmjs.org/readable-stream/-/readable-stream-3.4.0.tgz",
          "integrity": "sha512-jItXPLmrSR8jmTRmRWJXCnGJsfy85mB3Wd/uINMXA65yrnFo0cPClFIUWzo2najVNSl+mx7/4W8ttlLWJe99pQ=="
        },
        "semver": {
          "version": "6.1.1",
          "resolved": "https://registry.npmjs.org/semver/-/semver-6.1.1.tgz",
          "integrity": "sha512-rWYq2e5iYW+fFe/oPPtYJxYgjBm8sC4rmoGdUOgBB7VnwKt6HrL793l2voH1UlsyYZpJ4g0wfjnTEO1s1NP2eQ=="
        }
      }
    },
    "supertest": {
      "version": "4.0.2",
      "resolved": "https://registry.npmjs.org/supertest/-/supertest-4.0.2.tgz",
      "integrity": "sha512-1BAbvrOZsGA3YTCWqbmh14L0YEq0EGICX/nBnfkfVJn7SrxQV1I3pMYjSzG9y/7ZU2V9dWqyqk2POwxlb09duQ==",
      "dev": true,
      "dependencies": {
        "debug": {
          "version": "3.2.6",
          "resolved": "https://registry.npmjs.org/debug/-/debug-3.2.6.tgz",
          "integrity": "sha512-mel+jf7nrtEl5Pn1Qx46zARXKDpBbvzezse7p7LqINmdoIk8PYP5SySaxEmYv6TZ0JyEKA1hsCId6DIhgITtWQ=="
        },
        "superagent": {
          "version": "3.8.3",
          "resolved": "https://registry.npmjs.org/superagent/-/superagent-3.8.3.tgz",
          "integrity": "sha512-GLQtLMCoEIK4eDv6OGtkOoSMt3D+oq0y3dsxMuYuDvaNUvuT8eFBuLmfR0iYYzHC1e8hpzC6ZsxbuP6DIalMFA=="
        }
      }
    }
  }
}
